<?xml version="1.0" encoding="utf-8"?>
<Project ToolsVersion="4.0" xmlns="http://schemas.microsoft.com/developer/msbuild/2003">
  <ItemGroup>
    <Filter Include="Source Files">
      <UniqueIdentifier>{63c84462-467b-4720-bb71-dd6a09e6a6a7}</UniqueIdentifier>
    </Filter>
    <Filter Include="Header Files">
      <UniqueIdentifier>{47858ebe-68cc-444a-a03d-6e80e37d74d9}</UniqueIdentifier>
    </Filter>
    <Filter Include="SDK includes &amp; libs">
      <UniqueIdentifier>{d6ebaae3-d1c7-4510-8edc-d55d14eff1aa}</UniqueIdentifier>
    </Filter>
  </ItemGroup>
  <ItemGroup>
    <ClInclude Include="SPTLib2\math.hpp">
      <Filter>Header Files</Filter>
    </ClInclude>
  </ItemGroup>
  <ItemGroup>
    <ClCompile Include="SPTLib2\math.cpp">
      <Filter>Source Files</Filter>
    </ClCompile>
  </ItemGroup>
</Project>